{
    "_meta": {
        "hash": {
            "sha256": "97877f31fb699593fd21743934fa6b6f5743635ba8e43569d46b67d000dc7dd6"
        },
        "pipfile-spec": 6,
        "requires": {
            "python": "3.8"
        },
        "sources": [
            {
                "name": "pypi",
                "url": "https://pypi.org/simple",
                "verify_ssl": true
            }
        ]
    },
    "default": {},
    "develop": {}
}
